{
  "name": "forgithub.dashboard",
  "lockfileVersion": 3,
  "requires": true,
  "packages": {
    "": {
      "dependencies": {
        "sponsorflare": "^0.1.1"
      },
      "devDependencies": {
        "@cloudflare/workers-types": "^4.20250124.3"
      }
    },
    "node_modules/@cloudflare/workers-types": {
      "version": "4.20250124.3",
      "resolved": "https://registry.npmjs.org/@cloudflare/workers-types/-/workers-types-4.20250124.3.tgz",
      "integrity": "sha512-WRZ+ol4RnMroF3tc7en6w8b0MqLrmGnLr2LIhG8EWqIoy8MeYk5uhyNXMZ0WPBhwkRtDcTRwOt61xwnJrthskA==",
      "dev": true,
      "license": "MIT OR Apache-2.0"
    },
    "node_modules/sponsorflare": {
      "version": "0.1.1",
      "resolved": "https://registry.npmjs.org/sponsorflare/-/sponsorflare-0.1.1.tgz",
      "integrity": "sha512-enKrOvg2AoZCFUvuD8hHSqqaurafyTMNaD0OBp43aTbYkJsWrl0xw8Gs2rvv8+C3/e5fFezV53otf5vAjFSqrg=="
    }
  }
}
